
Microsoft Visual Studio Solution File, Format Version 12.00
# Visual Studio Version 17
VisualStudioVersion = 17.13.35931.197 d17.13
MinimumVisualStudioVersion = 10.0.40219.1
Project("{FAE04EC0-301F-11D3-BF4B-00C04F79EFBC}") = "BasicTodoList.API", "BasicTodoList.API\BasicTodoList.API.csproj", "{86FBB9C4-C16E-45B7-90CA-DD2594CFFE9D}"
EndProject
Global
	GlobalSection(SolutionConfigurationPlatforms) = preSolution
		Debug|Any CPU = Debug|Any CPU
		Release|Any CPU = Release|Any CPU
	EndGlobalSection
	GlobalSection(ProjectConfigurationPlatforms) = postSolution
		{86FBB9C4-C16E-45B7-90CA-DD2594CFFE9D}.Debug|Any CPU.ActiveCfg = Debug|Any CPU
		{86FBB9C4-C16E-45B7-90CA-DD2594CFFE9D}.Debug|Any CPU.Build.0 = Debug|Any CPU
		{86FBB9C4-C16E-45B7-90CA-DD2594CFFE9D}.Release|Any CPU.ActiveCfg = Release|Any CPU
		{86FBB9C4-C16E-45B7-90CA-DD2594CFFE9D}.Release|Any CPU.Build.0 = Release|Any CPU
	EndGlobalSection
	GlobalSection(SolutionProperties) = preSolution
		HideSolutionNode = FALSE
	EndGlobalSection
	GlobalSection(ExtensibilityGlobals) = postSolution
		SolutionGuid = {3723B019-818D-405A-B6BF-0A86B4657CF1}
	EndGlobalSection
EndGlobal
